{
  "name": "korean-stroke",
  "version": "1.0.0",
  "lockfileVersion": 3,
  "requires": true,
  "packages": {
    "": {
      "name": "korean-stroke",
      "version": "1.0.0",
      "license": "MIT",
      "dependencies": {
        "korean-unpacker": "^1.0.3"
      }
    },
    "node_modules/korean-unpacker": {
      "version": "1.0.3",
      "resolved": "https://registry.npmjs.org/korean-unpacker/-/korean-unpacker-1.0.3.tgz",
      "integrity": "sha512-s0VIyZOFOtalBSp51NECPvM1g9Af8M0Oxe1ZdMMGL7nvG/ecVNYkCAzPU+f52f0R83ytVCOd3fd14TTOFx2GXQ=="
    }
  }
}
